
Microsoft Visual Studio Solution File, Format Version 12.00
# Visual Studio 15
VisualStudioVersion = 15.0.28010.2036
MinimumVisualStudioVersion = 10.0.40219.1
Project("{FAE04EC0-301F-11D3-BF4B-00C04F79EFBC}") = "InteractiveUserGuide", "InteractiveUserGuide\InteractiveUserGuide.csproj", "{3121432E-F9E3-4DAF-A45C-F7A5BA920941}"
EndProject
Project("{FAE04EC0-301F-11D3-BF4B-00C04F79EFBC}") = "InteractiveData", "InteractiveData\InteractiveData.csproj", "{637C1E2C-89E4-415F-95EA-B2FE92D7D91B}"
EndProject
Project("{FAE04EC0-301F-11D3-BF4B-00C04F79EFBC}") = "InteractiveDomain", "InteractiveDomai\InteractiveDomain.csproj", "{C7EA0769-BFE4-477A-9E87-D7ABCCE5A23E}"
EndProject
Global
	GlobalSection(SolutionConfigurationPlatforms) = preSolution
		Debug|Any CPU = Debug|Any CPU
		Release|Any CPU = Release|Any CPU
	EndGlobalSection
	GlobalSection(ProjectConfigurationPlatforms) = postSolution
		{3121432E-F9E3-4DAF-A45C-F7A5BA920941}.Debug|Any CPU.ActiveCfg = Debug|Any CPU
		{3121432E-F9E3-4DAF-A45C-F7A5BA920941}.Debug|Any CPU.Build.0 = Debug|Any CPU
		{3121432E-F9E3-4DAF-A45C-F7A5BA920941}.Release|Any CPU.ActiveCfg = Release|Any CPU
		{3121432E-F9E3-4DAF-A45C-F7A5BA920941}.Release|Any CPU.Build.0 = Release|Any CPU
		{637C1E2C-89E4-415F-95EA-B2FE92D7D91B}.Debug|Any CPU.ActiveCfg = Debug|Any CPU
		{637C1E2C-89E4-415F-95EA-B2FE92D7D91B}.Debug|Any CPU.Build.0 = Debug|Any CPU
		{637C1E2C-89E4-415F-95EA-B2FE92D7D91B}.Release|Any CPU.ActiveCfg = Release|Any CPU
		{637C1E2C-89E4-415F-95EA-B2FE92D7D91B}.Release|Any CPU.Build.0 = Release|Any CPU
		{C7EA0769-BFE4-477A-9E87-D7ABCCE5A23E}.Debug|Any CPU.ActiveCfg = Debug|Any CPU
		{C7EA0769-BFE4-477A-9E87-D7ABCCE5A23E}.Debug|Any CPU.Build.0 = Debug|Any CPU
		{C7EA0769-BFE4-477A-9E87-D7ABCCE5A23E}.Release|Any CPU.ActiveCfg = Release|Any CPU
		{C7EA0769-BFE4-477A-9E87-D7ABCCE5A23E}.Release|Any CPU.Build.0 = Release|Any CPU
	EndGlobalSection
	GlobalSection(SolutionProperties) = preSolution
		HideSolutionNode = FALSE
	EndGlobalSection
	GlobalSection(ExtensibilityGlobals) = postSolution
		SolutionGuid = {CA732527-B0B0-4C59-A0AF-379A396A6916}
	EndGlobalSection
EndGlobal
